
Microsoft Visual Studio Solution File, Format Version 12.00
# Visual Studio Version 16
VisualStudioVersion = 16.0.29613.14
MinimumVisualStudioVersion = 10.0.40219.1
Project("{888888A0-9F3D-457C-B088-3A5042F75D52}") = "AutoWriteWaterLevel", "AutoWriteWaterLevel\AutoWriteWaterLevel.pyproj", "{96730C28-6064-44A6-B601-35398F44CBF5}"
EndProject
Global
	GlobalSection(SolutionConfigurationPlatforms) = preSolution
		Debug|Any CPU = Debug|Any CPU
		Release|Any CPU = Release|Any CPU
	EndGlobalSection
	GlobalSection(ProjectConfigurationPlatforms) = postSolution
		{96730C28-6064-44A6-B601-35398F44CBF5}.Debug|Any CPU.ActiveCfg = Debug|Any CPU
		{96730C28-6064-44A6-B601-35398F44CBF5}.Release|Any CPU.ActiveCfg = Release|Any CPU
	EndGlobalSection
	GlobalSection(SolutionProperties) = preSolution
		HideSolutionNode = FALSE
	EndGlobalSection
	GlobalSection(ExtensibilityGlobals) = postSolution
		SolutionGuid = {B5EE6DA0-A12A-4220-922D-B56C716ADBC6}
	EndGlobalSection
EndGlobal
